
Microsoft Visual Studio Solution File, Format Version 12.00
# Visual Studio Version 16
VisualStudioVersion = 16.0.31129.286
MinimumVisualStudioVersion = 10.0.40219.1
Project("{FAE04EC0-301F-11D3-BF4B-00C04F79EFBC}") = "Calc", "Calc\Calc.csproj", "{EA7C395B-D4C4-46DC-98E4-6164F3365E40}"
EndProject
Global
	GlobalSection(SolutionConfigurationPlatforms) = preSolution
		Debug|Any CPU = Debug|Any CPU
		Release|Any CPU = Release|Any CPU
	EndGlobalSection
	GlobalSection(ProjectConfigurationPlatforms) = postSolution
		{EA7C395B-D4C4-46DC-98E4-6164F3365E40}.Debug|Any CPU.ActiveCfg = Debug|Any CPU
		{EA7C395B-D4C4-46DC-98E4-6164F3365E40}.Debug|Any CPU.Build.0 = Debug|Any CPU
		{EA7C395B-D4C4-46DC-98E4-6164F3365E40}.Release|Any CPU.ActiveCfg = Release|Any CPU
		{EA7C395B-D4C4-46DC-98E4-6164F3365E40}.Release|Any CPU.Build.0 = Release|Any CPU
	EndGlobalSection
	GlobalSection(SolutionProperties) = preSolution
		HideSolutionNode = FALSE
	EndGlobalSection
	GlobalSection(ExtensibilityGlobals) = postSolution
		SolutionGuid = {5B77EAC6-5CDC-4433-B53D-DBF1300F9BE6}
	EndGlobalSection
EndGlobal
